{
  "name": "webpack-aliyun-oss-plugin",
  "version": "2.0.0",
  "lockfileVersion": 1,
  "requires": true,
  "dependencies": {
    "address": {
      "version": "1.0.2",
      "resolved": "http://registry.npm.taobao.org/address/download/address-1.0.2.tgz",
      "integrity": "sha1-SACB6CtYe6MZRZ/vUS9Rb+A9WK8="
    },
    "agent-base": {
      "version": "2.1.1",
      "resolved": "http://registry.npm.taobao.org/agent-base/download/agent-base-2.1.1.tgz",
      "integrity": "sha1-1t4Q1a9hMtW9aSQn1G/FOFOQlMc=",
      "requires": {
        "extend": "3.0.1",
        "semver": "5.0.3"
      },
      "dependencies": {
        "semver": {
          "version": "5.0.3",
          "resolved": "http://registry.npm.taobao.org/semver/download/semver-5.0.3.tgz",
          "integrity": "sha1-d0Zt5YnNXTyV8TiqeLxWmjy10no="
        }
      }
    },
    "agentkeepalive": {
      "version": "2.2.0",
      "resolved": "http://registry.npm.taobao.org/agentkeepalive/download/agentkeepalive-2.2.0.tgz",
      "integrity": "sha1-xdG9SxKQCPEWPyNvhuX66iAm4u8="
    },
    "ali-oss": {
      "version": "4.10.0",
      "resolved": "http://registry.npm.taobao.org/ali-oss/download/ali-oss-4.10.0.tgz",
      "integrity": "sha1-R9tceSon8ppzcqW32FMHiT7tUWc=",
      "requires": {
        "address": "1.0.2",
        "agentkeepalive": "2.2.0",
        "bowser": "1.7.2",
        "co": "4.6.0",
        "co-defer": "1.0.0",
        "co-gather": "0.0.1",
        "copy-to": "2.0.1",
        "dateformat": "2.0.0",
        "debug": "2.6.8",
        "destroy": "1.0.4",
        "end-or-error": "1.0.1",
        "get-ready": "1.0.0",
        "humanize-ms": "1.2.1",
        "is-type-of": "1.2.0",
        "merge-descriptors": "1.0.1",
        "mime": "1.3.6",
        "platform": "1.3.4",
        "sdk-base": "2.0.1",
        "urllib": "2.24.0",
        "utility": "1.12.0",
        "xml2js": "0.4.19"
      }
    },
    "amdefine": {
      "version": "1.0.1",
      "resolved": "http://registry.npm.taobao.org/amdefine/download/amdefine-1.0.1.tgz",
      "integrity": "sha1-SlKCrBZHKek2Gbz9OtFR+BfOkfU=",
      "optional": true
    },
    "any-promise": {
      "version": "1.3.0",
      "resolved": "http://registry.npm.taobao.org/any-promise/download/any-promise-1.3.0.tgz",
      "integrity": "sha1-q8av7tzqUugJzcA3au0845Y10X8="
    },
    "argparse": {
      "version": "1.0.9",
      "resolved": "http://registry.npm.taobao.org/argparse/download/argparse-1.0.9.tgz",
      "integrity": "sha1-c9g7wmP4bpf4zE9rrhsOkKfSLIY=",
      "requires": {
        "sprintf-js": "1.0.3"
      }
    },
    "ast-types": {
      "version": "0.9.12",
      "resolved": "http://registry.npm.taobao.org/ast-types/download/ast-types-0.9.12.tgz",
      "integrity": "sha1-sTYwDWcCZiWuFTJpgsqZGOXbc8k="
    },
    "async": {
      "version": "2.5.0",
      "resolved": "http://registry.npm.taobao.org/async/download/async-2.5.0.tgz",
      "integrity": "sha1-hDGQ/WtzV6C54clW7d3V7IRitU0=",
      "requires": {
        "lodash": "4.17.4"
      }
    },
    "bowser": {
      "version": "1.7.2",
      "resolved": "http://registry.npm.taobao.org/bowser/download/bowser-1.7.2.tgz",
      "integrity": "sha1-uUzGklumteB8QhpY5gHORhEmRXI="
    },
    "bytes": {
      "version": "2.5.0",
      "resolved": "http://registry.npm.taobao.org/bytes/download/bytes-2.5.0.tgz",
      "integrity": "sha1-TJQj6i0lLCcMQbK97+/5u2tiwGo="
    },
    "co": {
      "version": "4.6.0",
      "resolved": "http://registry.npm.taobao.org/co/download/co-4.6.0.tgz",
      "integrity": "sha1-bqa989hTrlTMuOR7+gvz+QMfsYQ="
    },
    "co-defer": {
      "version": "1.0.0",
      "resolved": "http://registry.npm.taobao.org/co-defer/download/co-defer-1.0.0.tgz",
      "integrity": "sha1-Pkp4eo7tawoh7ih8CU9+jeDTyBg="
    },
    "co-gather": {
      "version": "0.0.1",
      "resolved": "http://registry.npm.taobao.org/co-gather/download/co-gather-0.0.1.tgz",
      "integrity": "sha1-76NfvvAsn2R9inQLP123MYYlNbw=",
      "requires": {
        "co-thread": "0.0.1"
      }
    },
    "co-thread": {
      "version": "0.0.1",
      "resolved": "http://registry.npm.taobao.org/co-thread/download/co-thread-0.0.1.tgz",
      "integrity": "sha1-V3E/DvS4flWV1PI3Ef/ks7beXnQ="
    },
    "config-file-loader": {
      "version": "1.0.0",
      "resolved": "http://registry.npm.taobao.org/config-file-loader/download/config-file-loader-1.0.0.tgz",
      "integrity": "sha1-fjDE3SvLirHKCf0Mts7Vk/uIJzM=",
      "requires": {
        "js-yaml": "3.9.1"
      }
    },
    "content-type": {
      "version": "1.0.2",
      "resolved": "http://registry.npm.taobao.org/content-type/download/content-type-1.0.2.tgz",
      "integrity": "sha1-t9ETrueo3Se9IRM8TcJSnfFyHu0="
    },
    "copy-to": {
      "version": "2.0.1",
      "resolved": "http://registry.npm.taobao.org/copy-to/download/copy-to-2.0.1.tgz",
      "integrity": "sha1-JoD7uAaKSNCGVrYJgJK9r8kG9KU="
    },
    "core-util-is": {
      "version": "1.0.2",
      "resolved": "http://registry.npm.taobao.org/core-util-is/download/core-util-is-1.0.2.tgz",
      "integrity": "sha1-tf1UIgqivFq1eqtxQMlAdUUDwac="
    },
    "data-uri-to-buffer": {
      "version": "1.2.0",
      "resolved": "http://registry.npm.taobao.org/data-uri-to-buffer/download/data-uri-to-buffer-1.2.0.tgz",
      "integrity": "sha1-dxY+qcINhkG0cH6PGKvfmnjzSDU="
    },
    "dateformat": {
      "version": "2.0.0",
      "resolved": "http://registry.npm.taobao.org/dateformat/download/dateformat-2.0.0.tgz",
      "integrity": "sha1-J0Pjq7XD/CRi5SfcpEXgTp9N7hc="
    },
    "debug": {
      "version": "2.6.8",
      "resolved": "http://registry.npm.taobao.org/debug/download/debug-2.6.8.tgz",
      "integrity": "sha1-5zFTHKLt4n0YgiJCfaF4IdaP9Pw=",
      "requires": {
        "ms": "2.0.0"
      }
    },
    "deep-is": {
      "version": "0.1.3",
      "resolved": "http://registry.npm.taobao.org/deep-is/download/deep-is-0.1.3.tgz",
      "integrity": "sha1-s2nW+128E+7PUk+RsHD+7cNXzzQ="
    },
    "default-user-agent": {
      "version": "1.0.0",
      "resolved": "http://registry.npm.taobao.org/default-user-agent/download/default-user-agent-1.0.0.tgz",
      "integrity": "sha1-FsRu/cq6PtxF8k8r1IaLAbfCrcY=",
      "requires": {
        "os-name": "1.0.3"
      }
    },
    "degenerator": {
      "version": "1.0.4",
      "resolved": "http://registry.npm.taobao.org/degenerator/download/degenerator-1.0.4.tgz",
      "integrity": "sha1-/PSQo37OJmRk2cxDGrmMWBnO0JU=",
      "requires": {
        "ast-types": "0.9.12",
        "escodegen": "1.8.1",
        "esprima": "3.1.3"
      }
    },
    "depd": {
      "version": "1.1.0",
      "resolved": "http://registry.npm.taobao.org/depd/download/depd-1.1.0.tgz",
      "integrity": "sha1-4b2Cxqq2ztlluXuIsX7T5SjKGMM="
    },
    "destroy": {
      "version": "1.0.4",
      "resolved": "http://registry.npm.taobao.org/destroy/download/destroy-1.0.4.tgz",
      "integrity": "sha1-l4hXRCxEdJ5CBmE+N5RiBYJqvYA="
    },
    "digest-header": {
      "version": "0.0.1",
      "resolved": "http://registry.npm.taobao.org/digest-header/download/digest-header-0.0.1.tgz",
      "integrity": "sha1-Ecz23uxXZqw3l0TZAcEsuklRS+Y=",
      "requires": {
        "utility": "0.1.11"
      },
      "dependencies": {
        "utility": {
          "version": "0.1.11",
          "resolved": "http://registry.npm.taobao.org/utility/download/utility-0.1.11.tgz",
          "integrity": "sha1-/eYM+bTkdRlHoM9dEEzik2ciZxU=",
          "requires": {
            "address": "1.0.2"
          }
        }
      }
    },
    "ee-first": {
      "version": "1.1.1",
      "resolved": "http://registry.npm.taobao.org/ee-first/download/ee-first-1.1.1.tgz",
      "integrity": "sha1-WQxhFWsK4vTwJVcyoViyZrxWsh0="
    },
    "end-or-error": {
      "version": "1.0.1",
      "resolved": "http://registry.npm.taobao.org/end-or-error/download/end-or-error-1.0.1.tgz",
      "integrity": "sha1-3HpiEP5403L+4kqLSJnb0VVBTcs="
    },
    "es6-promise": {
      "version": "4.1.1",
      "resolved": "http://registry.npm.taobao.org/es6-promise/download/es6-promise-4.1.1.tgz",
      "integrity": "sha1-iBHpCRXZoNujYnTwskLb2nj5ySo="
    },
    "es6-promisify": {
      "version": "5.0.0",
      "resolved": "http://registry.npm.taobao.org/es6-promisify/download/es6-promisify-5.0.0.tgz",
      "integrity": "sha1-UQnWLz5W6pZ8S2NQWu8IKRyKUgM=",
      "requires": {
        "es6-promise": "4.1.1"
      }
    },
    "escape-html": {
      "version": "1.0.3",
      "resolved": "http://registry.npm.taobao.org/escape-html/download/escape-html-1.0.3.tgz",
      "integrity": "sha1-Aljq5NPQwJdN4cFpGI7wBR0dGYg="
    },
    "escodegen": {
      "version": "1.8.1",
      "resolved": "http://registry.npm.taobao.org/escodegen/download/escodegen-1.8.1.tgz",
      "integrity": "sha1-WltTr0aTEQvrsIZ6o0MN07cKEBg=",
      "requires": {
        "esprima": "2.7.3",
        "estraverse": "1.9.3",
        "esutils": "2.0.2",
        "optionator": "0.8.2",
        "source-map": "0.2.0"
      },
      "dependencies": {
        "esprima": {
          "version": "2.7.3",
          "resolved": "http://registry.npm.taobao.org/esprima/download/esprima-2.7.3.tgz",
          "integrity": "sha1-luO3DVd59q1JzQMmc9HDEnZ7pYE="
        }
      }
    },
    "esprima": {
      "version": "3.1.3",
      "resolved": "http://registry.npm.taobao.org/esprima/download/esprima-3.1.3.tgz",
      "integrity": "sha1-/cpRzuYTOJXjyI1TXOSdv/YqRjM="
    },
    "estraverse": {
      "version": "1.9.3",
      "resolved": "http://registry.npm.taobao.org/estraverse/download/estraverse-1.9.3.tgz",
      "integrity": "sha1-r2fy3JIlgkFZUJJgkaQAXSnJu0Q="
    },
    "esutils": {
      "version": "2.0.2",
      "resolved": "http://registry.npm.taobao.org/esutils/download/esutils-2.0.2.tgz",
      "integrity": "sha1-Cr9PHKpbyx96nYrMbepPqqBLrJs="
    },
    "extend": {
      "version": "3.0.1",
      "resolved": "http://registry.npm.taobao.org/extend/download/extend-3.0.1.tgz",
      "integrity": "sha1-p1Xqe8Gt/MWjHOfnYtuq3F5jZEQ="
    },
    "fast-levenshtein": {
      "version": "2.0.6",
      "resolved": "http://registry.npm.taobao.org/fast-levenshtein/download/fast-levenshtein-2.0.6.tgz",
      "integrity": "sha1-PYpcZog6FqMMqGQ+hR8Zuqd5eRc="
    },
    "file-uri-to-path": {
      "version": "1.0.0",
      "resolved": "http://registry.npm.taobao.org/file-uri-to-path/download/file-uri-to-path-1.0.0.tgz",
      "integrity": "sha1-VTp7hEb/b2hDWcRF8eN6BdrMM90="
    },
    "ftp": {
      "version": "0.3.10",
      "resolved": "http://registry.npm.taobao.org/ftp/download/ftp-0.3.10.tgz",
      "integrity": "sha1-kZfYYa2BQvPmPVqDv+TFn3MwiF0=",
      "requires": {
        "readable-stream": "1.1.14",
        "xregexp": "2.0.0"
      },
      "dependencies": {
        "readable-stream": {
          "version": "1.1.14",
          "resolved": "http://registry.npm.taobao.org/readable-stream/download/readable-stream-1.1.14.tgz",
          "integrity": "sha1-fPTFTvZI44EwhMY23SB54WbAgdk=",
          "requires": {
            "core-util-is": "1.0.2",
            "inherits": "2.0.3",
            "isarray": "0.0.1",
            "string_decoder": "0.10.31"
          }
        }
      }
    },
    "get-ready": {
      "version": "1.0.0",
      "resolved": "http://registry.npm.taobao.org/get-ready/download/get-ready-1.0.0.tgz",
      "integrity": "sha1-+RgX8emt7P6hOlYq38jeiDqzR4I="
    },
    "get-uri": {
      "version": "2.0.1",
      "resolved": "http://registry.npm.taobao.org/get-uri/download/get-uri-2.0.1.tgz",
      "integrity": "sha1-29ysrNjGCKODFoaTaBF2l6FjHFk=",
      "requires": {
        "data-uri-to-buffer": "1.2.0",
        "debug": "2.6.8",
        "extend": "3.0.1",
        "file-uri-to-path": "1.0.0",
        "ftp": "0.3.10",
        "readable-stream": "2.3.3"
      }
    },
    "http-errors": {
      "version": "1.6.1",
      "resolved": "http://registry.npm.taobao.org/http-errors/download/http-errors-1.6.1.tgz",
      "integrity": "sha1-X4uO2YrKVFZWv1cplzh/kEpyIlc=",
      "requires": {
        "depd": "1.1.0",
        "inherits": "2.0.3",
        "setprototypeof": "1.0.3",
        "statuses": "1.3.1"
      }
    },
    "http-proxy-agent": {
      "version": "1.0.0",
      "resolved": "http://registry.npm.taobao.org/http-proxy-agent/download/http-proxy-agent-1.0.0.tgz",
      "integrity": "sha1-zBzjjkU7+YSg93AtLdWcc9CBKEo=",
      "requires": {
        "agent-base": "2.1.1",
        "debug": "2.6.8",
        "extend": "3.0.1"
      }
    },
    "https-proxy-agent": {
      "version": "1.0.0",
      "resolved": "http://registry.npm.taobao.org/https-proxy-agent/download/https-proxy-agent-1.0.0.tgz",
      "integrity": "sha1-NffabEjOTdv6JkiRrFk+5f+GceY=",
      "requires": {
        "agent-base": "2.1.1",
        "debug": "2.6.8",
        "extend": "3.0.1"
      }
    },
    "humanize-ms": {
      "version": "1.2.1",
      "resolved": "http://registry.npm.taobao.org/humanize-ms/download/humanize-ms-1.2.1.tgz",
      "integrity": "sha1-xG4xWaKT9riW2ikxbYtv6Lt5u+0=",
      "requires": {
        "ms": "2.0.0"
      }
    },
    "iconv-lite": {
      "version": "0.4.18",
      "resolved": "http://registry.npm.taobao.org/iconv-lite/download/iconv-lite-0.4.18.tgz",
      "integrity": "sha1-I9hlaxaq5nQqwpcy6o8DNqR4nPI="
    },
    "inherits": {
      "version": "2.0.3",
      "resolved": "http://registry.npm.taobao.org/inherits/download/inherits-2.0.3.tgz",
      "integrity": "sha1-Yzwsg+PaQqUC9SRmAiSA9CCCYd4="
    },
    "ip": {
      "version": "1.1.5",
      "resolved": "http://registry.npm.taobao.org/ip/download/ip-1.1.5.tgz",
      "integrity": "sha1-vd7XARQpCCjAoDnnLvJfWq7ENUo="
    },
    "is-class": {
      "version": "0.0.4",
      "resolved": "http://registry.npm.taobao.org/is-class/download/is-class-0.0.4.tgz",
      "integrity": "sha1-4FdFFwW7NOOePjNZjJOpg3KWtzY="
    },
    "is-type-of": {
      "version": "1.2.0",
      "resolved": "http://registry.npm.taobao.org/is-type-of/download/is-type-of-1.2.0.tgz",
      "integrity": "sha1-tVPLtGIa31tBceiIPzcOem7DiZU=",
      "requires": {
        "core-util-is": "1.0.2",
        "is-class": "0.0.4",
        "isstream": "0.1.2"
      }
    },
    "isarray": {
      "version": "0.0.1",
      "resolved": "http://registry.npm.taobao.org/isarray/download/isarray-0.0.1.tgz",
      "integrity": "sha1-ihis/Kmo9Bd+Cav8YDiTmwXR7t8="
    },
    "isstream": {
      "version": "0.1.2",
      "resolved": "http://registry.npm.taobao.org/isstream/download/isstream-0.1.2.tgz",
      "integrity": "sha1-R+Y/evVa+m+S4VAOaQ64uFKcCZo="
    },
    "js-yaml": {
      "version": "3.9.1",
      "resolved": "http://registry.npm.taobao.org/js-yaml/download/js-yaml-3.9.1.tgz",
      "integrity": "sha1-CHdc69/dNZIJ8NKs04PI+GppBKA=",
      "requires": {
        "argparse": "1.0.9",
        "esprima": "4.0.0"
      },
      "dependencies": {
        "esprima": {
          "version": "4.0.0",
          "resolved": "http://registry.npm.taobao.org/esprima/download/esprima-4.0.0.tgz",
          "integrity": "sha1-RJnt3NERDgshi6zy+n9/WfVcqAQ="
        }
      }
    },
    "levn": {
      "version": "0.3.0",
      "resolved": "http://registry.npm.taobao.org/levn/download/levn-0.3.0.tgz",
      "integrity": "sha1-OwmSTt+fCDwEkP3UwLxEIeBHZO4=",
      "requires": {
        "prelude-ls": "1.1.2",
        "type-check": "0.3.2"
      }
    },
    "lodash": {
      "version": "4.17.4",
      "resolved": "http://registry.npm.taobao.org/lodash/download/lodash-4.17.4.tgz",
      "integrity": "sha1-eCA6TRwyiuHYbcpkYONptX9AVa4="
    },
    "lru-cache": {
      "version": "2.6.5",
      "resolved": "http://registry.npm.taobao.org/lru-cache/download/lru-cache-2.6.5.tgz",
      "integrity": "sha1-5W1jVBSO3o13B7WNFDIg/QjfD9U="
    },
    "merge-descriptors": {
      "version": "1.0.1",
      "resolved": "http://registry.npm.taobao.org/merge-descriptors/download/merge-descriptors-1.0.1.tgz",
      "integrity": "sha1-sAqqVW3YtEVoFQ7J0blT8/kMu2E="
    },
    "mime": {
      "version": "1.3.6",
      "resolved": "http://registry.npm.taobao.org/mime/download/mime-1.3.6.tgz",
      "integrity": "sha1-WR2E02U6awtKO5343lqoEI5y5eA="
    },
    "minimist": {
      "version": "1.2.0",
      "resolved": "http://registry.npm.taobao.org/minimist/download/minimist-1.2.0.tgz",
      "integrity": "sha1-o1AIsg9BOD7sH7kU9M1d95omQoQ="
    },
    "ms": {
      "version": "2.0.0",
      "resolved": "http://registry.npm.taobao.org/ms/download/ms-2.0.0.tgz",
      "integrity": "sha1-VgiurfwAvmwpAd9fmGF4jeDVl8g="
    },
    "netmask": {
      "version": "1.0.6",
      "resolved": "http://registry.npm.taobao.org/netmask/download/netmask-1.0.6.tgz",
      "integrity": "sha1-ICl+idhvb2QA8lDZ9Pa0wZRfzTU="
    },
    "optionator": {
      "version": "0.8.2",
      "resolved": "http://registry.npm.taobao.org/optionator/download/optionator-0.8.2.tgz",
      "integrity": "sha1-NkxeQJ0/TWMB1sC0wFu6UBgK62Q=",
      "requires": {
        "deep-is": "0.1.3",
        "fast-levenshtein": "2.0.6",
        "levn": "0.3.0",
        "prelude-ls": "1.1.2",
        "type-check": "0.3.2",
        "wordwrap": "1.0.0"
      }
    },
    "os-name": {
      "version": "1.0.3",
      "resolved": "http://registry.npm.taobao.org/os-name/download/os-name-1.0.3.tgz",
      "integrity": "sha1-GzefZINa98Wn9JizV8uVIVwVnt8=",
      "requires": {
        "osx-release": "1.1.0",
        "win-release": "1.1.1"
      }
    },
    "osx-release": {
      "version": "1.1.0",
      "resolved": "http://registry.npm.taobao.org/osx-release/download/osx-release-1.1.0.tgz",
      "integrity": "sha1-8heRGigTaUmvG/kwiyQeJzfTzWw=",
      "requires": {
        "minimist": "1.2.0"
      }
    },
    "pac-proxy-agent": {
      "version": "2.0.0",
      "resolved": "http://registry.npm.taobao.org/pac-proxy-agent/download/pac-proxy-agent-2.0.0.tgz",
      "integrity": "sha1-vrF80rBqILN51X4bLiwpvg3+X5o=",
      "requires": {
        "agent-base": "2.1.1",
        "debug": "2.6.8",
        "get-uri": "2.0.1",
        "http-proxy-agent": "1.0.0",
        "https-proxy-agent": "1.0.0",
        "pac-resolver": "3.0.0",
        "raw-body": "2.3.0",
        "socks-proxy-agent": "3.0.0"
      },
      "dependencies": {
        "socks-proxy-agent": {
          "version": "3.0.0",
          "resolved": "http://registry.npm.taobao.org/socks-proxy-agent/download/socks-proxy-agent-3.0.0.tgz",
          "integrity": "sha1-6iMIXNK96U0ISmJEjzETnKftYkU=",
          "requires": {
            "agent-base": "4.1.1",
            "socks": "1.1.10"
          },
          "dependencies": {
            "agent-base": {
              "version": "4.1.1",
              "resolved": "http://registry.npm.taobao.org/agent-base/download/agent-base-4.1.1.tgz",
              "integrity": "sha1-ktik/CUko7CbNmajO2yXlg8j1qQ=",
              "requires": {
                "es6-promisify": "5.0.0"
              }
            }
          }
        }
      }
    },
    "pac-resolver": {
      "version": "3.0.0",
      "resolved": "http://registry.npm.taobao.org/pac-resolver/download/pac-resolver-3.0.0.tgz",
      "integrity": "sha1-auoweH2wqJFwTet4AKcip2FabyY=",
      "requires": {
        "co": "4.6.0",
        "degenerator": "1.0.4",
        "ip": "1.1.5",
        "netmask": "1.0.6",
        "thunkify": "2.1.2"
      }
    },
    "platform": {
      "version": "1.3.4",
      "resolved": "http://registry.npm.taobao.org/platform/download/platform-1.3.4.tgz",
      "integrity": "sha1-bw+xftqqSPIUQrOpdcBjEw8cPr0="
    },
    "prelude-ls": {
      "version": "1.1.2",
      "resolved": "http://registry.npm.taobao.org/prelude-ls/download/prelude-ls-1.1.2.tgz",
      "integrity": "sha1-IZMqVJ9eUv/ZqCf1cOBL5iqX2lQ="
    },
    "process-nextick-args": {
      "version": "1.0.7",
      "resolved": "http://registry.npm.taobao.org/process-nextick-args/download/process-nextick-args-1.0.7.tgz",
      "integrity": "sha1-FQ4gt1ZZCtP5EJPyWk8q2L/zC6M="
    },
    "proxy-agent": {
      "version": "2.1.0",
      "resolved": "http://registry.npm.taobao.org/proxy-agent/download/proxy-agent-2.1.0.tgz",
      "integrity": "sha1-o6Kzhm3r/rebt5HzRdybyHbn/4Y=",
      "requires": {
        "agent-base": "2.1.1",
        "debug": "2.6.8",
        "extend": "3.0.1",
        "http-proxy-agent": "1.0.0",
        "https-proxy-agent": "1.0.0",
        "lru-cache": "2.6.5",
        "pac-proxy-agent": "2.0.0",
        "socks-proxy-agent": "2.1.1"
      }
    },
    "qs": {
      "version": "6.5.0",
      "resolved": "http://registry.npm.taobao.org/qs/download/qs-6.5.0.tgz",
      "integrity": "sha1-jQSVTTZN7z78VbWgeT4eLIsebkk="
    },
    "raw-body": {
      "version": "2.3.0",
      "resolved": "http://registry.npm.taobao.org/raw-body/download/raw-body-2.3.0.tgz",
      "integrity": "sha1-95zhrKyrpbY2LTNFTXhdcSn0vGc=",
      "requires": {
        "bytes": "2.5.0",
        "http-errors": "1.6.1",
        "iconv-lite": "0.4.18",
        "unpipe": "1.0.0"
      }
    },
    "readable-stream": {
      "version": "2.3.3",
      "resolved": "http://registry.npm.taobao.org/readable-stream/download/readable-stream-2.3.3.tgz",
      "integrity": "sha1-No8lEtefnUb9/HE0mueHi7weuVw=",
      "requires": {
        "core-util-is": "1.0.2",
        "inherits": "2.0.3",
        "isarray": "1.0.0",
        "process-nextick-args": "1.0.7",
        "safe-buffer": "5.1.1",
        "string_decoder": "1.0.3",
        "util-deprecate": "1.0.2"
      },
      "dependencies": {
        "isarray": {
          "version": "1.0.0",
          "resolved": "http://registry.npm.taobao.org/isarray/download/isarray-1.0.0.tgz",
          "integrity": "sha1-u5NdSFgsuhaMBoNJV6VKPgcSTxE="
        },
        "string_decoder": {
          "version": "1.0.3",
          "resolved": "http://registry.npm.taobao.org/string_decoder/download/string_decoder-1.0.3.tgz",
          "integrity": "sha1-D8Z9fBQYJd6UKC3VNr7GubzoYKs=",
          "requires": {
            "safe-buffer": "5.1.1"
          }
        }
      }
    },
    "safe-buffer": {
      "version": "5.1.1",
      "resolved": "http://registry.npm.taobao.org/safe-buffer/download/safe-buffer-5.1.1.tgz",
      "integrity": "sha1-iTMSr2myEj3vcfV4iQAWce6yyFM="
    },
    "sax": {
      "version": "1.2.4",
      "resolved": "http://registry.npm.taobao.org/sax/download/sax-1.2.4.tgz",
      "integrity": "sha1-KBYjTiN4vdxOU1T6tcqold9xANk="
    },
    "sdk-base": {
      "version": "2.0.1",
      "resolved": "http://registry.npm.taobao.org/sdk-base/download/sdk-base-2.0.1.tgz",
      "integrity": "sha1-ukAonovfJy7RHdnql+r5jgNtJMY=",
      "requires": {
        "get-ready": "1.0.0"
      }
    },
    "semver": {
      "version": "5.4.1",
      "resolved": "http://registry.npm.taobao.org/semver/download/semver-5.4.1.tgz",
      "integrity": "sha1-4FnAnYVx8FQII3M0M1BdOi8AsY4="
    },
    "setprototypeof": {
      "version": "1.0.3",
      "resolved": "http://registry.npm.taobao.org/setprototypeof/download/setprototypeof-1.0.3.tgz",
      "integrity": "sha1-ZlZ+NwQ+608E2RvWWMDL77VbjgQ="
    },
    "smart-buffer": {
      "version": "1.1.15",
      "resolved": "http://registry.npm.taobao.org/smart-buffer/download/smart-buffer-1.1.15.tgz",
      "integrity": "sha1-fxFLW2X6s+KjWqd1uxLw0cZJvxY="
    },
    "socks": {
      "version": "1.1.10",
      "resolved": "http://registry.npm.taobao.org/socks/download/socks-1.1.10.tgz",
      "integrity": "sha1-W4t/x8jzQcU+0FbpKbe/Tei6e1o=",
      "requires": {
        "ip": "1.1.5",
        "smart-buffer": "1.1.15"
      }
    },
    "socks-proxy-agent": {
      "version": "2.1.1",
      "resolved": "http://registry.npm.taobao.org/socks-proxy-agent/download/socks-proxy-agent-2.1.1.tgz",
      "integrity": "sha1-huuwcZMlhjeHDhO3vZnybGY989M=",
      "requires": {
        "agent-base": "2.1.1",
        "extend": "3.0.1",
        "socks": "1.1.10"
      }
    },
    "source-map": {
      "version": "0.2.0",
      "resolved": "http://registry.npm.taobao.org/source-map/download/source-map-0.2.0.tgz",
      "integrity": "sha1-2rc/vPwrqBm03gO9b26qSBZLP50=",
      "optional": true,
      "requires": {
        "amdefine": "1.0.1"
      }
    },
    "sprintf-js": {
      "version": "1.0.3",
      "resolved": "http://registry.npm.taobao.org/sprintf-js/download/sprintf-js-1.0.3.tgz",
      "integrity": "sha1-BOaSb2YolTVPPdAVIDYzuFcpfiw="
    },
    "statuses": {
      "version": "1.3.1",
      "resolved": "http://registry.npm.taobao.org/statuses/download/statuses-1.3.1.tgz",
      "integrity": "sha1-+vUbnrdKrvOzrPStX2Gr8ky3uT4="
    },
    "string_decoder": {
      "version": "0.10.31",
      "resolved": "http://registry.npm.taobao.org/string_decoder/download/string_decoder-0.10.31.tgz",
      "integrity": "sha1-YuIDvEF2bGwoyfyEMB2rHFMQ+pQ="
    },
    "thunkify": {
      "version": "2.1.2",
      "resolved": "http://registry.npm.taobao.org/thunkify/download/thunkify-2.1.2.tgz",
      "integrity": "sha1-+qDp0jDFGsyVyhOjYawFyn4EVT0="
    },
    "type-check": {
      "version": "0.3.2",
      "resolved": "http://registry.npm.taobao.org/type-check/download/type-check-0.3.2.tgz",
      "integrity": "sha1-WITKtRLPHTVeP7eE8wgEsrUg23I=",
      "requires": {
        "prelude-ls": "1.1.2"
      }
    },
    "underscore": {
      "version": "1.8.3",
      "resolved": "http://registry.npm.taobao.org/underscore/download/underscore-1.8.3.tgz",
      "integrity": "sha1-Tz+1OxBuYJf8+ctBCfKl6b36UCI="
    },
    "unpipe": {
      "version": "1.0.0",
      "resolved": "http://registry.npm.taobao.org/unpipe/download/unpipe-1.0.0.tgz",
      "integrity": "sha1-sr9O6FFKrmFltIF4KdIbLvSZBOw="
    },
    "urllib": {
      "version": "2.24.0",
      "resolved": "http://registry.npm.taobao.org/urllib/download/urllib-2.24.0.tgz",
      "integrity": "sha1-wYlZrnqbbSS8l5WDdF5PW2XwIGw=",
      "requires": {
        "any-promise": "1.3.0",
        "content-type": "1.0.2",
        "debug": "2.6.8",
        "default-user-agent": "1.0.0",
        "digest-header": "0.0.1",
        "ee-first": "1.1.1",
        "humanize-ms": "1.2.1",
        "iconv-lite": "0.4.18",
        "proxy-agent": "2.1.0",
        "qs": "6.5.0",
        "statuses": "1.3.1",
        "utility": "1.12.0"
      }
    },
    "util-deprecate": {
      "version": "1.0.2",
      "resolved": "http://registry.npm.taobao.org/util-deprecate/download/util-deprecate-1.0.2.tgz",
      "integrity": "sha1-RQ1Nyfpw3nMnYvvS1KKJgUGaDM8="
    },
    "utility": {
      "version": "1.12.0",
      "resolved": "http://registry.npm.taobao.org/utility/download/utility-1.12.0.tgz",
      "integrity": "sha1-vWkweGOjiE7liCElEhW5hy+4QFg=",
      "requires": {
        "copy-to": "2.0.1",
        "escape-html": "1.0.3"
      }
    },
    "win-release": {
      "version": "1.1.1",
      "resolved": "http://registry.npm.taobao.org/win-release/download/win-release-1.1.1.tgz",
      "integrity": "sha1-X6VeAr58qTTt/BJmVjLoSbcuUgk=",
      "requires": {
        "semver": "5.4.1"
      }
    },
    "wordwrap": {
      "version": "1.0.0",
      "resolved": "http://registry.npm.taobao.org/wordwrap/download/wordwrap-1.0.0.tgz",
      "integrity": "sha1-J1hIEIkUVqQXHI0CJkQa3pDLyus="
    },
    "xml2js": {
      "version": "0.4.19",
      "resolved": "http://registry.npm.taobao.org/xml2js/download/xml2js-0.4.19.tgz",
      "integrity": "sha1-aGwg8hMgnpSr8NG88e+qKRx4J6c=",
      "requires": {
        "sax": "1.2.4",
        "xmlbuilder": "9.0.4"
      }
    },
    "xmlbuilder": {
      "version": "9.0.4",
      "resolved": "http://registry.npm.taobao.org/xmlbuilder/download/xmlbuilder-9.0.4.tgz",
      "integrity": "sha1-UZy0ymhtAFqEINNJbz8MruzKWA8="
    },
    "xregexp": {
      "version": "2.0.0",
      "resolved": "http://registry.npm.taobao.org/xregexp/download/xregexp-2.0.0.tgz",
      "integrity": "sha1-UqY+VsoLhKfzpfPWGHLxJq16WUM="
    }
  }
}
